// !$*UTF8*$!
{
	archiveVersion = 1;
	classes = {
	};
	objectVersion = 56;
	objects = {

/* Begin PBXBuildFile section */
		C070970829D69C21000C83FB /* Local_Remote_NotificationApp.swift in Sources */ = {isa = PBXBuildFile; fileRef = C070970729D69C21000C83FB /* Local_Remote_NotificationApp.swift */; };
		C070970A29D69C21000C83FB /* ContentView.swift in Sources */ = {isa = PBXBuildFile; fileRef = C070970929D69C21000C83FB /* ContentView.swift */; };
		C070970C29D69C22000C83FB /* Assets.xcassets in Resources */ = {isa = PBXBuildFile; fileRef = C070970B29D69C22000C83FB /* Assets.xcassets */; };
		C070970F29D69C22000C83FB /* Preview Assets.xcassets in Resources */ = {isa = PBXBuildFile; fileRef = C070970E29D69C22000C83FB /* Preview Assets.xcassets */; };
		C070971629D6C2DC000C83FB /* AppDelegate.swift in Sources */ = {isa = PBXBuildFile; fileRef = C070971529D6C2DC000C83FB /* AppDelegate.swift */; };
		C0E2DDC529DA9E0100F6110B /* FirebaseMessaging in Frameworks */ = {isa = PBXBuildFile; productRef = C0E2DDC429DA9E0100F6110B /* FirebaseMessaging */; };
		C0E2DDC829DA9EE300F6110B /* GoogleService-Info.plist in Resources */ = {isa = PBXBuildFile; fileRef = C0E2DDC729DA9EE300F6110B /* GoogleService-Info.plist */; };
		C0EF473C29D7AF9A004BC6D5 /* Constants.swift in Sources */ = {isa = PBXBuildFile; fileRef = C0EF473B29D7AF9A004BC6D5 /* Constants.swift */; };
/* End PBXBuildFile section */

/* Begin PBXFileReference section */
		C005EBDC29D7257F008A188F /* Info.plist */ = {isa = PBXFileReference; lastKnownFileType = text.plist; path = Info.plist; sourceTree = "<group>"; };
		C070970429D69C21000C83FB /* Local-Remote-Notification.app */ = {isa = PBXFileReference; explicitFileType = wrapper.application; includeInIndex = 0; path = "Local-Remote-Notification.app"; sourceTree = BUILT_PRODUCTS_DIR; };
		C070970729D69C21000C83FB /* Local_Remote_NotificationApp.swift */ = {isa = PBXFileReference; lastKnownFileType = sourcecode.swift; path = Local_Remote_NotificationApp.swift; sourceTree = "<group>"; };
		C070970929D69C21000C83FB /* ContentView.swift */ = {isa = PBXFileReference; lastKnownFileType = sourcecode.swift; path = ContentView.swift; sourceTree = "<group>"; };
		C070970B29D69C22000C83FB /* Assets.xcassets */ = {isa = PBXFileReference; lastKnownFileType = folder.assetcatalog; path = Assets.xcassets; sourceTree = "<group>"; };
		C070970E29D69C22000C83FB /* Preview Assets.xcassets */ = {isa = PBXFileReference; lastKnownFileType = folder.assetcatalog; path = "Preview Assets.xcassets"; sourceTree = "<group>"; };
		C070971529D6C2DC000C83FB /* AppDelegate.swift */ = {isa = PBXFileReference; lastKnownFileType = sourcecode.swift; path = AppDelegate.swift; sourceTree = "<group>"; };
		C0E2DDC629DA9EB200F6110B /* Local-Remote-Notification.entitlements */ = {isa = PBXFileReference; lastKnownFileType = text.plist.entitlements; path = "Local-Remote-Notification.entitlements"; sourceTree = "<group>"; };
		C0E2DDC729DA9EE300F6110B /* GoogleService-Info.plist */ = {isa = PBXFileReference; fileEncoding = 4; lastKnownFileType = text.plist.xml; name = "GoogleService-Info.plist"; path = "../../../Downloads/GoogleService-Info.plist"; sourceTree = "<group>"; };
		C0EF473B29D7AF9A004BC6D5 /* Constants.swift */ = {isa = PBXFileReference; lastKnownFileType = sourcecode.swift; path = Constants.swift; sourceTree = "<group>"; };
/* End PBXFileReference section */

/* Begin PBXFrameworksBuildPhase section */
		C070970129D69C21000C83FB /* Frameworks */ = {
			isa = PBXFrameworksBuildPhase;
			buildActionMask = 2147483647;
			files = (
				C0E2DDC529DA9E0100F6110B /* FirebaseMessaging in Frameworks */,
			);
			runOnlyForDeploymentPostprocessing = 0;
		};
/* End PBXFrameworksBuildPhase section */

/* Begin PBXGroup section */
		C07096FB29D69C21000C83FB = {
			isa = PBXGroup;
			children = (
				C0E2DDC729DA9EE300F6110B /* GoogleService-Info.plist */,
				C070970629D69C21000C83FB /* Local-Remote-Notification */,
				C070970529D69C21000C83FB /* Products */,
			);
			sourceTree = "<group>";
		};
		C070970529D69C21000C83FB /* Products */ = {
			isa = PBXGroup;
			children = (
				C070970429D69C21000C83FB /* Local-Remote-Notification.app */,
			);
			name = Products;
			sourceTree = "<group>";
		};
		C070970629D69C21000C83FB /* Local-Remote-Notification */ = {
			isa = PBXGroup;
			children = (
				C0E2DDC629DA9EB200F6110B /* Local-Remote-Notification.entitlements */,
				C005EBDC29D7257F008A188F /* Info.plist */,
				C070970729D69C21000C83FB /* Local_Remote_NotificationApp.swift */,
				C070970929D69C21000C83FB /* ContentView.swift */,
				C070970B29D69C22000C83FB /* Assets.xcassets */,
				C070970D29D69C22000C83FB /* Preview Content */,
				C070971529D6C2DC000C83FB /* AppDelegate.swift */,
				C0EF473B29D7AF9A004BC6D5 /* Constants.swift */,
			);
			path = "Local-Remote-Notification";
			sourceTree = "<group>";
		};
		C070970D29D69C22000C83FB /* Preview Content */ = {
			isa = PBXGroup;
			children = (
				C070970E29D69C22000C83FB /* Preview Assets.xcassets */,
			);
			path = "Preview Content";
			sourceTree = "<group>";
		};
/* End PBXGroup section */

/* Begin PBXNativeTarget section */
		C070970329D69C21000C83FB /* Local-Remote-Notification */ = {
			isa = PBXNativeTarget;
			buildConfigurationList = C070971229D69C22000C83FB /* Build configuration list for PBXNativeTarget "Local-Remote-Notification" */;
			buildPhases = (
				C070970029D69C21000C83FB /* Sources */,
				C070970129D69C21000C83FB /* Frameworks */,
				C070970229D69C21000C83FB /* Resources */,
			);
			buildRules = (
			);
			dependencies = (
			);
			name = "Local-Remote-Notification";
			packageProductDependencies = (
				C0E2DDC429DA9E0100F6110B /* FirebaseMessaging */,
			);
			productName = "Local-Remote-Notification";
			productReference = C070970429D69C21000C83FB /* Local-Remote-Notification.app */;
			productType = "com.apple.product-type.application";
		};
/* End PBXNativeTarget section */

/* Begin PBXProject section */
		C07096FC29D69C21000C83FB /* Project object */ = {
			isa = PBXProject;
			attributes = {
				BuildIndependentTargetsInParallel = 1;
				LastSwiftUpdateCheck = 1420;
				LastUpgradeCheck = 1420;
				TargetAttributes = {
					C070970329D69C21000C83FB = {
						CreatedOnToolsVersion = 14.2;
					};
				};
			};
			buildConfigurationList = C07096FF29D69C21000C83FB /* Build configuration list for PBXProject "Local-Remote-Notification" */;
			compatibilityVersion = "Xcode 14.0";
			developmentRegion = en;
			hasScannedForEncodings = 0;
			knownRegions = (
				en,
				Base,
			);
			mainGroup = C07096FB29D69C21000C83FB;
			packageReferences = (
				C0E2DDC329DA9E0100F6110B /* XCRemoteSwiftPackageReference "firebase-ios-sdk" */,
			);
			productRefGroup = C070970529D69C21000C83FB /* Products */;
			projectDirPath = "";
			projectRoot = "";
			targets = (
				C070970329D69C21000C83FB /* Local-Remote-Notification */,
			);
		};
/* End PBXProject section */

/* Begin PBXResourcesBuildPhase section */
		C070970229D69C21000C83FB /* Resources */ = {
			isa = PBXResourcesBuildPhase;
			buildActionMask = 2147483647;
			files = (
				C070970F29D69C22000C83FB /* Preview Assets.xcassets in Resources */,
				C070970C29D69C22000C83FB /* Assets.xcassets in Resources */,
				C0E2DDC829DA9EE300F6110B /* GoogleService-Info.plist in Resources */,
			);
			runOnlyForDeploymentPostprocessing = 0;
		};
/* End PBXResourcesBuildPhase section */

/* Begin PBXSourcesBuildPhase section */
		C070970029D69C21000C83FB /* Sources */ = {
			isa = PBXSourcesBuildPhase;
			buildActionMask = 2147483647;
			files = (
				C070971629D6C2DC000C83FB /* AppDelegate.swift in Sources */,
				C070970A29D69C21000C83FB /* ContentView.swift in Sources */,
				C070970829D69C21000C83FB /* Local_Remote_NotificationApp.swift in Sources */,
				C0EF473C29D7AF9A004BC6D5 /* Constants.swift in Sources */,
			);
			runOnlyForDeploymentPostprocessing = 0;
		};
/* End PBXSourcesBuildPhase section */

/* Begin XCBuildConfiguration section */
		C070971029D69C22000C83FB /* Debug */ = {
			isa = XCBuildConfiguration;
			buildSettings = {
				ALWAYS_SEARCH_USER_PATHS = NO;
				CLANG_ANALYZER_NONNULL = YES;
				CLANG_ANALYZER_NUMBER_OBJECT_CONVERSION = YES_AGGRESSIVE;
				CLANG_CXX_LANGUAGE_STANDARD = "gnu++20";
				CLANG_ENABLE_MODULES = YES;
				CLANG_ENABLE_OBJC_ARC = YES;
				CLANG_ENABLE_OBJC_WEAK = YES;
				CLANG_WARN_BLOCK_CAPTURE_AUTORELEASING = YES;
				CLANG_WARN_BOOL_CONVERSION = YES;
				CLANG_WARN_COMMA = YES;
				CLANG_WARN_CONSTANT_CONVERSION = YES;
				CLANG_WARN_DEPRECATED_OBJC_IMPLEMENTATIONS = YES;
				CLANG_WARN_DIRECT_OBJC_ISA_USAGE = YES_ERROR;
				CLANG_WARN_DOCUMENTATION_COMMENTS = YES;
				CLANG_WARN_EMPTY_BODY = YES;
				CLANG_WARN_ENUM_CONVERSION = YES;
				CLANG_WARN_INFINITE_RECURSION = YES;
				CLANG_WARN_INT_CONVERSION = YES;
				CLANG_WARN_NON_LITERAL_NULL_CONVERSION = YES;
				CLANG_WARN_OBJC_IMPLICIT_RETAIN_SELF = YES;
				CLANG_WARN_OBJC_LITERAL_CONVERSION = YES;
				CLANG_WARN_OBJC_ROOT_CLASS = YES_ERROR;
				CLANG_WARN_QUOTED_INCLUDE_IN_FRAMEWORK_HEADER = YES;
				CLANG_WARN_RANGE_LOOP_ANALYSIS = YES;
				CLANG_WARN_STRICT_PROTOTYPES = YES;
				CLANG_WARN_SUSPICIOUS_MOVE = YES;
				CLANG_WARN_UNGUARDED_AVAILABILITY = YES_AGGRESSIVE;
				CLANG_WARN_UNREACHABLE_CODE = YES;
				CLANG_WARN__DUPLICATE_METHOD_MATCH = YES;
				COPY_PHASE_STRIP = NO;
				DEBUG_INFORMATION_FORMAT = dwarf;
				ENABLE_STRICT_OBJC_MSGSEND = YES;
				ENABLE_TESTABILITY = YES;
				GCC_C_LANGUAGE_STANDARD = gnu11;
				GCC_DYNAMIC_NO_PIC = NO;
				GCC_NO_COMMON_BLOCKS = YES;
				GCC_OPTIMIZATION_LEVEL = 0;
				GCC_PREPROCESSOR_DEFINITIONS = (
					"DEBUG=1",
					"$(inherited)",
				);
				GCC_WARN_64_TO_32_BIT_CONVERSION = YES;
				GCC_WARN_ABOUT_RETURN_TYPE = YES_ERROR;
				GCC_WARN_UNDECLARED_SELECTOR = YES;
				GCC_WARN_UNINITIALIZED_AUTOS = YES_AGGRESSIVE;
				GCC_WARN_UNUSED_FUNCTION = YES;
				GCC_WARN_UNUSED_VARIABLE = YES;
				IPHONEOS_DEPLOYMENT_TARGET = 16.2;
				MTL_ENABLE_DEBUG_INFO = INCLUDE_SOURCE;
				MTL_FAST_MATH = YES;
				ONLY_ACTIVE_ARCH = YES;
				SDKROOT = iphoneos;
				SWIFT_ACTIVE_COMPILATION_CONDITIONS = DEBUG;
				SWIFT_OPTIMIZATION_LEVEL = "-Onone";
			};
			name = Debug;
		};
		C070971129D69C22000C83FB /* Release */ = {
			isa = XCBuildConfiguration;
			buildSettings = {
				ALWAYS_SEARCH_USER_PATHS = NO;
				CLANG_ANALYZER_NONNULL = YES;
				CLANG_ANALYZER_NUMBER_OBJECT_CONVERSION = YES_AGGRESSIVE;
				CLANG_CXX_LANGUAGE_STANDARD = "gnu++20";
				CLANG_ENABLE_MODULES = YES;
				CLANG_ENABLE_OBJC_ARC = YES;
				CLANG_ENABLE_OBJC_WEAK = YES;
				CLANG_WARN_BLOCK_CAPTURE_AUTORELEASING = YES;
				CLANG_WARN_BOOL_CONVERSION = YES;
				CLANG_WARN_COMMA = YES;
				CLANG_WARN_CONSTANT_CONVERSION = YES;
				CLANG_WARN_DEPRECATED_OBJC_IMPLEMENTATIONS = YES;
				CLANG_WARN_DIRECT_OBJC_ISA_USAGE = YES_ERROR;
				CLANG_WARN_DOCUMENTATION_COMMENTS = YES;
				CLANG_WARN_EMPTY_BODY = YES;
				CLANG_WARN_ENUM_CONVERSION = YES;
				CLANG_WARN_INFINITE_RECURSION = YES;
				CLANG_WARN_INT_CONVERSION = YES;
				CLANG_WARN_NON_LITERAL_NULL_CONVERSION = YES;
				CLANG_WARN_OBJC_IMPLICIT_RETAIN_SELF = YES;
				CLANG_WARN_OBJC_LITERAL_CONVERSION = YES;
				CLANG_WARN_OBJC_ROOT_CLASS = YES_ERROR;
				CLANG_WARN_QUOTED_INCLUDE_IN_FRAMEWORK_HEADER = YES;
				CLANG_WARN_RANGE_LOOP_ANALYSIS = YES;
				CLANG_WARN_STRICT_PROTOTYPES = YES;
				CLANG_WARN_SUSPICIOUS_MOVE = YES;
				CLANG_WARN_UNGUARDED_AVAILABILITY = YES_AGGRESSIVE;
				CLANG_WARN_UNREACHABLE_CODE = YES;
				CLANG_WARN__DUPLICATE_METHOD_MATCH = YES;
				COPY_PHASE_STRIP = NO;
				DEBUG_INFORMATION_FORMAT = "dwarf-with-dsym";
				ENABLE_NS_ASSERTIONS = NO;
				ENABLE_STRICT_OBJC_MSGSEND = YES;
				GCC_C_LANGUAGE_STANDARD = gnu11;
				GCC_NO_COMMON_BLOCKS = YES;
				GCC_WARN_64_TO_32_BIT_CONVERSION = YES;
				GCC_WARN_ABOUT_RETURN_TYPE = YES_ERROR;
				GCC_WARN_UNDECLARED_SELECTOR = YES;
				GCC_WARN_UNINITIALIZED_AUTOS = YES_AGGRESSIVE;
				GCC_WARN_UNUSED_FUNCTION = YES;
				GCC_WARN_UNUSED_VARIABLE = YES;
				IPHONEOS_DEPLOYMENT_TARGET = 16.2;
				MTL_ENABLE_DEBUG_INFO = NO;
				MTL_FAST_MATH = YES;
				SDKROOT = iphoneos;
				SWIFT_COMPILATION_MODE = wholemodule;
				SWIFT_OPTIMIZATION_LEVEL = "-O";
				VALIDATE_PRODUCT = YES;
			};
			name = Release;
		};
		C070971329D69C22000C83FB /* Debug */ = {
			isa = XCBuildConfiguration;
			buildSettings = {
				ASSETCATALOG_COMPILER_APPICON_NAME = AppIcon;
				ASSETCATALOG_COMPILER_GLOBAL_ACCENT_COLOR_NAME = AccentColor;
				CODE_SIGN_ENTITLEMENTS = "Local-Remote-Notification/Local-Remote-Notification.entitlements";
				CODE_SIGN_STYLE = Automatic;
				CURRENT_PROJECT_VERSION = 1;
				DEVELOPMENT_ASSET_PATHS = "\"Local-Remote-Notification/Preview Content\"";
				DEVELOPMENT_TEAM = N4P48JMYVV;
				ENABLE_PREVIEWS = YES;
				GENERATE_INFOPLIST_FILE = YES;
				INFOPLIST_FILE = "Local-Remote-Notification/Info.plist";
				INFOPLIST_KEY_UIApplicationSceneManifest_Generation = YES;
				INFOPLIST_KEY_UIApplicationSupportsIndirectInputEvents = YES;
				INFOPLIST_KEY_UILaunchScreen_Generation = YES;
				INFOPLIST_KEY_UISupportedInterfaceOrientations_iPad = "UIInterfaceOrientationPortrait UIInterfaceOrientationPortraitUpsideDown UIInterfaceOrientationLandscapeLeft UIInterfaceOrientationLandscapeRight";
				INFOPLIST_KEY_UISupportedInterfaceOrientations_iPhone = "UIInterfaceOrientationPortrait UIInterfaceOrientationLandscapeLeft UIInterfaceOrientationLandscapeRight";
				LD_RUNPATH_SEARCH_PATHS = (
					"$(inherited)",
					"@executable_path/Frameworks",
				);
				MARKETING_VERSION = 1.0;
				PRODUCT_BUNDLE_IDENTIFIER = "kodo.Local-Remote-Notification";
				PRODUCT_NAME = "$(TARGET_NAME)";
				SWIFT_EMIT_LOC_STRINGS = YES;
				SWIFT_VERSION = 5.0;
				TARGETED_DEVICE_FAMILY = "1,2";
			};
			name = Debug;
		};
		C070971429D69C22000C83FB /* Release */ = {
			isa = XCBuildConfiguration;
			buildSettings = {
				ASSETCATALOG_COMPILER_APPICON_NAME = AppIcon;
				ASSETCATALOG_COMPILER_GLOBAL_ACCENT_COLOR_NAME = AccentColor;
				CODE_SIGN_ENTITLEMENTS = "Local-Remote-Notification/Local-Remote-Notification.entitlements";
				CODE_SIGN_STYLE = Automatic;
				CURRENT_PROJECT_VERSION = 1;
				DEVELOPMENT_ASSET_PATHS = "\"Local-Remote-Notification/Preview Content\"";
				DEVELOPMENT_TEAM = N4P48JMYVV;
				ENABLE_PREVIEWS = YES;
				GENERATE_INFOPLIST_FILE = YES;
				INFOPLIST_FILE = "Local-Remote-Notification/Info.plist";
				INFOPLIST_KEY_UIApplicationSceneManifest_Generation = YES;
				INFOPLIST_KEY_UIApplicationSupportsIndirectInputEvents = YES;
				INFOPLIST_KEY_UILaunchScreen_Generation = YES;
				INFOPLIST_KEY_UISupportedInterfaceOrientations_iPad = "UIInterfaceOrientationPortrait UIInterfaceOrientationPortraitUpsideDown UIInterfaceOrientationLandscapeLeft UIInterfaceOrientationLandscapeRight";
				INFOPLIST_KEY_UISupportedInterfaceOrientations_iPhone = "UIInterfaceOrientationPortrait UIInterfaceOrientationLandscapeLeft UIInterfaceOrientationLandscapeRight";
				LD_RUNPATH_SEARCH_PATHS = (
					"$(inherited)",
					"@executable_path/Frameworks",
				);
				MARKETING_VERSION = 1.0;
				PRODUCT_BUNDLE_IDENTIFIER = "kodo.Local-Remote-Notification";
				PRODUCT_NAME = "$(TARGET_NAME)";
				SWIFT_EMIT_LOC_STRINGS = YES;
				SWIFT_VERSION = 5.0;
				TARGETED_DEVICE_FAMILY = "1,2";
			};
			name = Release;
		};
/* End XCBuildConfiguration section */

/* Begin XCConfigurationList section */
		C07096FF29D69C21000C83FB /* Build configuration list for PBXProject "Local-Remote-Notification" */ = {
			isa = XCConfigurationList;
			buildConfigurations = (
				C070971029D69C22000C83FB /* Debug */,
				C070971129D69C22000C83FB /* Release */,
			);
			defaultConfigurationIsVisible = 0;
			defaultConfigurationName = Release;
		};
		C070971229D69C22000C83FB /* Build configuration list for PBXNativeTarget "Local-Remote-Notification" */ = {
			isa = XCConfigurationList;
			buildConfigurations = (
				C070971329D69C22000C83FB /* Debug */,
				C070971429D69C22000C83FB /* Release */,
			);
			defaultConfigurationIsVisible = 0;
			defaultConfigurationName = Release;
		};
/* End XCConfigurationList section */

/* Begin XCRemoteSwiftPackageReference section */
		C0E2DDC329DA9E0100F6110B /* XCRemoteSwiftPackageReference "firebase-ios-sdk" */ = {
			isa = XCRemoteSwiftPackageReference;
			repositoryURL = "https://github.com/firebase/firebase-ios-sdk";
			requirement = {
				kind = upToNextMajorVersion;
				minimumVersion = 9.0.0;
			};
		};
/* End XCRemoteSwiftPackageReference section */

/* Begin XCSwiftPackageProductDependency section */
		C0E2DDC429DA9E0100F6110B /* FirebaseMessaging */ = {
			isa = XCSwiftPackageProductDependency;
			package = C0E2DDC329DA9E0100F6110B /* XCRemoteSwiftPackageReference "firebase-ios-sdk" */;
			productName = FirebaseMessaging;
		};
/* End XCSwiftPackageProductDependency section */
	};
	rootObject = C07096FC29D69C21000C83FB /* Project object */;
}
